
Microsoft Visual Studio Solution File, Format Version 12.00
# Visual Studio Version 17
VisualStudioVersion = 17.6.33829.357
MinimumVisualStudioVersion = 10.0.40219.1
Project("{9A19103F-16F7-4668-BE54-9A1E7A4F7556}") = "MinimalWebAPI", "MinimalWebAPI\MinimalWebAPI.csproj", "{F70D28AA-066E-4F34-9DB9-80F50322B7ED}"
EndProject
Project("{9A19103F-16F7-4668-BE54-9A1E7A4F7556}") = "WelcomePageMiddleware", "WelcomePageMiddleware\WelcomePageMiddleware.csproj", "{F04C5FAC-975A-4581-8897-9E82902B7288}"
EndProject
Project("{9A19103F-16F7-4668-BE54-9A1E7A4F7556}") = "ModelBindingAndValidation", "ModelBindingAndValidation\ModelBindingAndValidation.csproj", "{28C59814-0FF3-4DAC-B962-C1632D597A9E}"
EndProject
Project("{2150E333-8FDC-42A3-9474-1A3956D46DE8}") = "Section 1", "Section 1", "{3176879C-4B69-4103-BC93-DB70E2BC113A}"
EndProject
Project("{2150E333-8FDC-42A3-9474-1A3956D46DE8}") = "Section 2", "Section 2", "{34A0564F-3D9A-409F-965B-776917D2D9AA}"
EndProject
Project("{9A19103F-16F7-4668-BE54-9A1E7A4F7556}") = "DependencyInjectionExample", "DependencyInjectionExample\DependencyInjectionExample.csproj", "{7E8DE05A-AE21-46DE-846E-F6C1C6249CF2}"
EndProject
Project("{9A19103F-16F7-4668-BE54-9A1E7A4F7556}") = "InjectingMultipleImplementations", "InjectingMultipleImplementations\InjectingMultipleImplementations.csproj", "{B2C26315-2095-4A04-B443-2DC23BADB88B}"
EndProject
Project("{9A19103F-16F7-4668-BE54-9A1E7A4F7556}") = "LifetimeExample", "LifetimeExample\LifetimeExample.csproj", "{DD1CEE64-1F6D-4C25-B36B-C125055C54AA}"
EndProject
Project("{9A19103F-16F7-4668-BE54-9A1E7A4F7556}") = "StoreViewerApplication", "StoreViewerApplication\StoreViewerApplication.csproj", "{0EE5EBF5-316B-4FD2-809E-1E59AA5544A6}"
EndProject
Project("{2150E333-8FDC-42A3-9474-1A3956D46DE8}") = "Configuration", "Configuration", "{0EA381AF-00B1-4F13-BA23-CB72725C075B}"
EndProject
Project("{2150E333-8FDC-42A3-9474-1A3956D46DE8}") = "Dependency Injection", "Dependency Injection", "{AEA521A9-44CF-4976-AA45-5EEEE0793F3C}"
EndProject
Project("{9A19103F-16F7-4668-BE54-9A1E7A4F7556}") = "DesigningForAutomaticBinding", "DesigningForAutomaticBinding\DesigningForAutomaticBinding.csproj", "{B86A65A6-5DE4-4379-9C4B-3254CFE6F92C}"
EndProject
Project("{9A19103F-16F7-4668-BE54-9A1E7A4F7556}") = "ReplacingTheDefaultProviders", "ReplacingTheDefaultProviders\ReplacingTheDefaultProviders.csproj", "{451730C7-F556-4C7D-B24A-5AEC38A70336}"
EndProject
Project("{9A19103F-16F7-4668-BE54-9A1E7A4F7556}") = "UsingDifferentEnvironments", "UsingDifferentEnvironments\UsingDifferentEnvironments.csproj", "{974D9025-705D-46CA-AB3D-7779D59A8C25}"
EndProject
Project("{2150E333-8FDC-42A3-9474-1A3956D46DE8}") = "Documenting APIs with OpenAPI", "Documenting APIs with OpenAPI", "{BB0453BE-51FF-41E8-A859-8F6AA9EEF5EA}"
EndProject
Project("{9A19103F-16F7-4668-BE54-9A1E7A4F7556}") = "AddingDescriptions", "AddingDescriptions\AddingDescriptions.csproj", "{32C8A25E-CCEC-4923-B2FC-7B9DE117D364}"
EndProject
Project("{9A19103F-16F7-4668-BE54-9A1E7A4F7556}") = "CustomisingGeneration", "CustomisingGeneration\CustomisingGeneration.csproj", "{9C857C51-BE57-4A1E-9272-5DAD406726DB}"
EndProject
Project("{9A19103F-16F7-4668-BE54-9A1E7A4F7556}") = "OpenApiExample", "OpenApiExample\OpenApiExample.csproj", "{E910FFF3-29FA-459C-AD0F-492CB4B72BD9}"
EndProject
Project("{9A19103F-16F7-4668-BE54-9A1E7A4F7556}") = "OpenApiExample_NSwag", "OpenApiExample_NSwag\OpenApiExample_NSwag.csproj", "{64A45E14-A754-4848-A12C-16199E6E3286}"
EndProject
Project("{FAE04EC0-301F-11D3-BF4B-00C04F79EFBC}") = "ConsoleClient", "ConsoleClient\ConsoleClient.csproj", "{818D44A7-FCC1-4476-BE65-5A37363C710D}"
EndProject
Global
	GlobalSection(SolutionConfigurationPlatforms) = preSolution
		Debug|Any CPU = Debug|Any CPU
		Release|Any CPU = Release|Any CPU
	EndGlobalSection
	GlobalSection(ProjectConfigurationPlatforms) = postSolution
		{F70D28AA-066E-4F34-9DB9-80F50322B7ED}.Debug|Any CPU.ActiveCfg = Debug|Any CPU
		{F70D28AA-066E-4F34-9DB9-80F50322B7ED}.Debug|Any CPU.Build.0 = Debug|Any CPU
		{F70D28AA-066E-4F34-9DB9-80F50322B7ED}.Release|Any CPU.ActiveCfg = Release|Any CPU
		{F70D28AA-066E-4F34-9DB9-80F50322B7ED}.Release|Any CPU.Build.0 = Release|Any CPU
		{F04C5FAC-975A-4581-8897-9E82902B7288}.Debug|Any CPU.ActiveCfg = Debug|Any CPU
		{F04C5FAC-975A-4581-8897-9E82902B7288}.Debug|Any CPU.Build.0 = Debug|Any CPU
		{F04C5FAC-975A-4581-8897-9E82902B7288}.Release|Any CPU.ActiveCfg = Release|Any CPU
		{F04C5FAC-975A-4581-8897-9E82902B7288}.Release|Any CPU.Build.0 = Release|Any CPU
		{28C59814-0FF3-4DAC-B962-C1632D597A9E}.Debug|Any CPU.ActiveCfg = Debug|Any CPU
		{28C59814-0FF3-4DAC-B962-C1632D597A9E}.Debug|Any CPU.Build.0 = Debug|Any CPU
		{28C59814-0FF3-4DAC-B962-C1632D597A9E}.Release|Any CPU.ActiveCfg = Release|Any CPU
		{28C59814-0FF3-4DAC-B962-C1632D597A9E}.Release|Any CPU.Build.0 = Release|Any CPU
		{7E8DE05A-AE21-46DE-846E-F6C1C6249CF2}.Debug|Any CPU.ActiveCfg = Debug|Any CPU
		{7E8DE05A-AE21-46DE-846E-F6C1C6249CF2}.Debug|Any CPU.Build.0 = Debug|Any CPU
		{7E8DE05A-AE21-46DE-846E-F6C1C6249CF2}.Release|Any CPU.ActiveCfg = Release|Any CPU
		{7E8DE05A-AE21-46DE-846E-F6C1C6249CF2}.Release|Any CPU.Build.0 = Release|Any CPU
		{B2C26315-2095-4A04-B443-2DC23BADB88B}.Debug|Any CPU.ActiveCfg = Debug|Any CPU
		{B2C26315-2095-4A04-B443-2DC23BADB88B}.Debug|Any CPU.Build.0 = Debug|Any CPU
		{B2C26315-2095-4A04-B443-2DC23BADB88B}.Release|Any CPU.ActiveCfg = Release|Any CPU
		{B2C26315-2095-4A04-B443-2DC23BADB88B}.Release|Any CPU.Build.0 = Release|Any CPU
		{DD1CEE64-1F6D-4C25-B36B-C125055C54AA}.Debug|Any CPU.ActiveCfg = Debug|Any CPU
		{DD1CEE64-1F6D-4C25-B36B-C125055C54AA}.Debug|Any CPU.Build.0 = Debug|Any CPU
		{DD1CEE64-1F6D-4C25-B36B-C125055C54AA}.Release|Any CPU.ActiveCfg = Release|Any CPU
		{DD1CEE64-1F6D-4C25-B36B-C125055C54AA}.Release|Any CPU.Build.0 = Release|Any CPU
		{0EE5EBF5-316B-4FD2-809E-1E59AA5544A6}.Debug|Any CPU.ActiveCfg = Debug|Any CPU
		{0EE5EBF5-316B-4FD2-809E-1E59AA5544A6}.Debug|Any CPU.Build.0 = Debug|Any CPU
		{0EE5EBF5-316B-4FD2-809E-1E59AA5544A6}.Release|Any CPU.ActiveCfg = Release|Any CPU
		{0EE5EBF5-316B-4FD2-809E-1E59AA5544A6}.Release|Any CPU.Build.0 = Release|Any CPU
		{B86A65A6-5DE4-4379-9C4B-3254CFE6F92C}.Debug|Any CPU.ActiveCfg = Debug|Any CPU
		{B86A65A6-5DE4-4379-9C4B-3254CFE6F92C}.Debug|Any CPU.Build.0 = Debug|Any CPU
		{B86A65A6-5DE4-4379-9C4B-3254CFE6F92C}.Release|Any CPU.ActiveCfg = Release|Any CPU
		{B86A65A6-5DE4-4379-9C4B-3254CFE6F92C}.Release|Any CPU.Build.0 = Release|Any CPU
		{451730C7-F556-4C7D-B24A-5AEC38A70336}.Debug|Any CPU.ActiveCfg = Debug|Any CPU
		{451730C7-F556-4C7D-B24A-5AEC38A70336}.Debug|Any CPU.Build.0 = Debug|Any CPU
		{451730C7-F556-4C7D-B24A-5AEC38A70336}.Release|Any CPU.ActiveCfg = Release|Any CPU
		{451730C7-F556-4C7D-B24A-5AEC38A70336}.Release|Any CPU.Build.0 = Release|Any CPU
		{974D9025-705D-46CA-AB3D-7779D59A8C25}.Debug|Any CPU.ActiveCfg = Debug|Any CPU
		{974D9025-705D-46CA-AB3D-7779D59A8C25}.Debug|Any CPU.Build.0 = Debug|Any CPU
		{974D9025-705D-46CA-AB3D-7779D59A8C25}.Release|Any CPU.ActiveCfg = Release|Any CPU
		{974D9025-705D-46CA-AB3D-7779D59A8C25}.Release|Any CPU.Build.0 = Release|Any CPU
		{32C8A25E-CCEC-4923-B2FC-7B9DE117D364}.Debug|Any CPU.ActiveCfg = Debug|Any CPU
		{32C8A25E-CCEC-4923-B2FC-7B9DE117D364}.Debug|Any CPU.Build.0 = Debug|Any CPU
		{32C8A25E-CCEC-4923-B2FC-7B9DE117D364}.Release|Any CPU.ActiveCfg = Release|Any CPU
		{32C8A25E-CCEC-4923-B2FC-7B9DE117D364}.Release|Any CPU.Build.0 = Release|Any CPU
		{9C857C51-BE57-4A1E-9272-5DAD406726DB}.Debug|Any CPU.ActiveCfg = Debug|Any CPU
		{9C857C51-BE57-4A1E-9272-5DAD406726DB}.Debug|Any CPU.Build.0 = Debug|Any CPU
		{9C857C51-BE57-4A1E-9272-5DAD406726DB}.Release|Any CPU.ActiveCfg = Release|Any CPU
		{9C857C51-BE57-4A1E-9272-5DAD406726DB}.Release|Any CPU.Build.0 = Release|Any CPU
		{E910FFF3-29FA-459C-AD0F-492CB4B72BD9}.Debug|Any CPU.ActiveCfg = Debug|Any CPU
		{E910FFF3-29FA-459C-AD0F-492CB4B72BD9}.Debug|Any CPU.Build.0 = Debug|Any CPU
		{E910FFF3-29FA-459C-AD0F-492CB4B72BD9}.Release|Any CPU.ActiveCfg = Release|Any CPU
		{E910FFF3-29FA-459C-AD0F-492CB4B72BD9}.Release|Any CPU.Build.0 = Release|Any CPU
		{64A45E14-A754-4848-A12C-16199E6E3286}.Debug|Any CPU.ActiveCfg = Debug|Any CPU
		{64A45E14-A754-4848-A12C-16199E6E3286}.Debug|Any CPU.Build.0 = Debug|Any CPU
		{64A45E14-A754-4848-A12C-16199E6E3286}.Release|Any CPU.ActiveCfg = Release|Any CPU
		{64A45E14-A754-4848-A12C-16199E6E3286}.Release|Any CPU.Build.0 = Release|Any CPU
		{818D44A7-FCC1-4476-BE65-5A37363C710D}.Debug|Any CPU.ActiveCfg = Debug|Any CPU
		{818D44A7-FCC1-4476-BE65-5A37363C710D}.Debug|Any CPU.Build.0 = Debug|Any CPU
		{818D44A7-FCC1-4476-BE65-5A37363C710D}.Release|Any CPU.ActiveCfg = Release|Any CPU
		{818D44A7-FCC1-4476-BE65-5A37363C710D}.Release|Any CPU.Build.0 = Release|Any CPU
	EndGlobalSection
	GlobalSection(SolutionProperties) = preSolution
		HideSolutionNode = FALSE
	EndGlobalSection
	GlobalSection(NestedProjects) = preSolution
		{F70D28AA-066E-4F34-9DB9-80F50322B7ED} = {3176879C-4B69-4103-BC93-DB70E2BC113A}
		{F04C5FAC-975A-4581-8897-9E82902B7288} = {3176879C-4B69-4103-BC93-DB70E2BC113A}
		{28C59814-0FF3-4DAC-B962-C1632D597A9E} = {3176879C-4B69-4103-BC93-DB70E2BC113A}
		{7E8DE05A-AE21-46DE-846E-F6C1C6249CF2} = {AEA521A9-44CF-4976-AA45-5EEEE0793F3C}
		{B2C26315-2095-4A04-B443-2DC23BADB88B} = {AEA521A9-44CF-4976-AA45-5EEEE0793F3C}
		{DD1CEE64-1F6D-4C25-B36B-C125055C54AA} = {AEA521A9-44CF-4976-AA45-5EEEE0793F3C}
		{0EE5EBF5-316B-4FD2-809E-1E59AA5544A6} = {0EA381AF-00B1-4F13-BA23-CB72725C075B}
		{0EA381AF-00B1-4F13-BA23-CB72725C075B} = {34A0564F-3D9A-409F-965B-776917D2D9AA}
		{AEA521A9-44CF-4976-AA45-5EEEE0793F3C} = {34A0564F-3D9A-409F-965B-776917D2D9AA}
		{B86A65A6-5DE4-4379-9C4B-3254CFE6F92C} = {0EA381AF-00B1-4F13-BA23-CB72725C075B}
		{451730C7-F556-4C7D-B24A-5AEC38A70336} = {0EA381AF-00B1-4F13-BA23-CB72725C075B}
		{974D9025-705D-46CA-AB3D-7779D59A8C25} = {0EA381AF-00B1-4F13-BA23-CB72725C075B}
		{BB0453BE-51FF-41E8-A859-8F6AA9EEF5EA} = {34A0564F-3D9A-409F-965B-776917D2D9AA}
		{32C8A25E-CCEC-4923-B2FC-7B9DE117D364} = {BB0453BE-51FF-41E8-A859-8F6AA9EEF5EA}
		{9C857C51-BE57-4A1E-9272-5DAD406726DB} = {BB0453BE-51FF-41E8-A859-8F6AA9EEF5EA}
		{E910FFF3-29FA-459C-AD0F-492CB4B72BD9} = {BB0453BE-51FF-41E8-A859-8F6AA9EEF5EA}
		{64A45E14-A754-4848-A12C-16199E6E3286} = {BB0453BE-51FF-41E8-A859-8F6AA9EEF5EA}
		{818D44A7-FCC1-4476-BE65-5A37363C710D} = {BB0453BE-51FF-41E8-A859-8F6AA9EEF5EA}
	EndGlobalSection
	GlobalSection(ExtensibilityGlobals) = postSolution
		SolutionGuid = {8A530603-B572-4A81-A653-E5B026D87AA8}
	EndGlobalSection
EndGlobal
